
Microsoft Visual Studio Solution File, Format Version 12.00
# Visual Studio Version 16
VisualStudioVersion = 16.0.28729.10
MinimumVisualStudioVersion = 10.0.40219.1
Project("{9A19103F-16F7-4668-BE54-9A1E7A4F7556}") = "Obsidian", "Obsidian\Obsidian.csproj", "{FCA0F9C3-9DEE-4E3B-8CA8-BA327A8D8A37}"
EndProject
Project("{9A19103F-16F7-4668-BE54-9A1E7A4F7556}") = "Obsidian.ConversionUtility", "Obsidian.ConversionUtility\Obsidian.ConversionUtility.csproj", "{F19A0E8B-9D5F-4DEA-ADF2-D92E3C00D1E5}"
EndProject
Project("{9A19103F-16F7-4668-BE54-9A1E7A4F7556}") = "Obsidian.Tests", "Obsidian.Tests\Obsidian.Tests.csproj", "{4C32F58F-E0EE-470C-8003-A7883105557F}"
EndProject
Project("{9A19103F-16F7-4668-BE54-9A1E7A4F7556}") = "Obsidian.Nbt", "Obsidian.Nbt\Obsidian.Nbt.csproj", "{557E8CD2-EEAE-440A-B65B-D319AE900B37}"
EndProject
Project("{9A19103F-16F7-4668-BE54-9A1E7A4F7556}") = "SamplePlugin", "SamplePlugin\SamplePlugin.csproj", "{016607FE-22F8-4828-BD56-62A1E7ED220F}"
EndProject
Project("{9A19103F-16F7-4668-BE54-9A1E7A4F7556}") = "Obsidian.API", "Obsidian.API\Obsidian.API.csproj", "{46AFFEB4-7478-4FC0-98E8-9B6F9EAE49BA}"
EndProject
Project("{9A19103F-16F7-4668-BE54-9A1E7A4F7556}") = "Obsidian.CommandFramework", "Obsidian.CommandFramework\Obsidian.CommandFramework.csproj", "{7D69B406-8A9F-442D-9688-A4F8963FA9BE}"
EndProject
Global
	GlobalSection(SolutionConfigurationPlatforms) = preSolution
		Debug|Any CPU = Debug|Any CPU
		Release|Any CPU = Release|Any CPU
	EndGlobalSection
	GlobalSection(ProjectConfigurationPlatforms) = postSolution
		{FCA0F9C3-9DEE-4E3B-8CA8-BA327A8D8A37}.Debug|Any CPU.ActiveCfg = Debug|Any CPU
		{FCA0F9C3-9DEE-4E3B-8CA8-BA327A8D8A37}.Debug|Any CPU.Build.0 = Debug|Any CPU
		{FCA0F9C3-9DEE-4E3B-8CA8-BA327A8D8A37}.Release|Any CPU.ActiveCfg = Release|Any CPU
		{FCA0F9C3-9DEE-4E3B-8CA8-BA327A8D8A37}.Release|Any CPU.Build.0 = Release|Any CPU
		{F19A0E8B-9D5F-4DEA-ADF2-D92E3C00D1E5}.Debug|Any CPU.ActiveCfg = Debug|Any CPU
		{F19A0E8B-9D5F-4DEA-ADF2-D92E3C00D1E5}.Debug|Any CPU.Build.0 = Debug|Any CPU
		{F19A0E8B-9D5F-4DEA-ADF2-D92E3C00D1E5}.Release|Any CPU.ActiveCfg = Release|Any CPU
		{F19A0E8B-9D5F-4DEA-ADF2-D92E3C00D1E5}.Release|Any CPU.Build.0 = Release|Any CPU
		{4C32F58F-E0EE-470C-8003-A7883105557F}.Debug|Any CPU.ActiveCfg = Debug|Any CPU
		{4C32F58F-E0EE-470C-8003-A7883105557F}.Debug|Any CPU.Build.0 = Debug|Any CPU
		{4C32F58F-E0EE-470C-8003-A7883105557F}.Release|Any CPU.ActiveCfg = Release|Any CPU
		{4C32F58F-E0EE-470C-8003-A7883105557F}.Release|Any CPU.Build.0 = Release|Any CPU
		{557E8CD2-EEAE-440A-B65B-D319AE900B37}.Debug|Any CPU.ActiveCfg = Debug|Any CPU
		{557E8CD2-EEAE-440A-B65B-D319AE900B37}.Debug|Any CPU.Build.0 = Debug|Any CPU
		{557E8CD2-EEAE-440A-B65B-D319AE900B37}.Release|Any CPU.ActiveCfg = Release|Any CPU
		{557E8CD2-EEAE-440A-B65B-D319AE900B37}.Release|Any CPU.Build.0 = Release|Any CPU
		{016607FE-22F8-4828-BD56-62A1E7ED220F}.Debug|Any CPU.ActiveCfg = Debug|Any CPU
		{016607FE-22F8-4828-BD56-62A1E7ED220F}.Debug|Any CPU.Build.0 = Debug|Any CPU
		{016607FE-22F8-4828-BD56-62A1E7ED220F}.Release|Any CPU.ActiveCfg = Release|Any CPU
		{016607FE-22F8-4828-BD56-62A1E7ED220F}.Release|Any CPU.Build.0 = Release|Any CPU
		{46AFFEB4-7478-4FC0-98E8-9B6F9EAE49BA}.Debug|Any CPU.ActiveCfg = Debug|Any CPU
		{46AFFEB4-7478-4FC0-98E8-9B6F9EAE49BA}.Debug|Any CPU.Build.0 = Debug|Any CPU
		{46AFFEB4-7478-4FC0-98E8-9B6F9EAE49BA}.Release|Any CPU.ActiveCfg = Release|Any CPU
		{46AFFEB4-7478-4FC0-98E8-9B6F9EAE49BA}.Release|Any CPU.Build.0 = Release|Any CPU
		{7D69B406-8A9F-442D-9688-A4F8963FA9BE}.Debug|Any CPU.ActiveCfg = Debug|Any CPU
		{7D69B406-8A9F-442D-9688-A4F8963FA9BE}.Debug|Any CPU.Build.0 = Debug|Any CPU
		{7D69B406-8A9F-442D-9688-A4F8963FA9BE}.Release|Any CPU.ActiveCfg = Release|Any CPU
		{7D69B406-8A9F-442D-9688-A4F8963FA9BE}.Release|Any CPU.Build.0 = Release|Any CPU
	EndGlobalSection
	GlobalSection(SolutionProperties) = preSolution
		HideSolutionNode = FALSE
	EndGlobalSection
	GlobalSection(ExtensibilityGlobals) = postSolution
		SolutionGuid = {3D44E6F2-1277-4D74-9279-99FC41014AEF}
	EndGlobalSection
EndGlobal
